
Microsoft Visual Studio Solution File, Format Version 12.00
# Visual Studio Version 17
VisualStudioVersion = 17.9.34607.119
MinimumVisualStudioVersion = 10.0.40219.1
Project("{FAE04EC0-301F-11D3-BF4B-00C04F79EFBC}") = "ST10298613_CLDV6212_POE_PART@", "ST10298613_CLDV6212_POE_PART@.csproj", "{5E890C48-B37E-471F-931B-205A36845B9C}"
EndProject
Global
	GlobalSection(SolutionConfigurationPlatforms) = preSolution
		Debug|Any CPU = Debug|Any CPU
		Release|Any CPU = Release|Any CPU
	EndGlobalSection
	GlobalSection(ProjectConfigurationPlatforms) = postSolution
		{5E890C48-B37E-471F-931B-205A36845B9C}.Debug|Any CPU.ActiveCfg = Debug|Any CPU
		{5E890C48-B37E-471F-931B-205A36845B9C}.Debug|Any CPU.Build.0 = Debug|Any CPU
		{5E890C48-B37E-471F-931B-205A36845B9C}.Release|Any CPU.ActiveCfg = Release|Any CPU
		{5E890C48-B37E-471F-931B-205A36845B9C}.Release|Any CPU.Build.0 = Release|Any CPU
	EndGlobalSection
	GlobalSection(SolutionProperties) = preSolution
		HideSolutionNode = FALSE
	EndGlobalSection
	GlobalSection(ExtensibilityGlobals) = postSolution
		SolutionGuid = {CEDDDFEA-0579-4B38-9241-E58B05979BA6}
	EndGlobalSection
EndGlobal
